Microsoft Visual Studio Solution File, Format Version 12.00
# Visual Studio 15
VisualStudioVersion = 15.0.26403.0
MinimumVisualStudioVersion = 10.0.40219.1
Project("{2150E333-8FDC-42A3-9474-1A3956D46DE8}") = "SolutionItems", "SolutionItems", "{98C5B882-0BA9-4BFD-8AC3-07C0C56E1F90}"
	ProjectSection(SolutionItems) = preProject
		README.md = README.md
	EndProjectSection
EndProject
Project("{2150E333-8FDC-42A3-9474-1A3956D46DE8}") = "Tests", "Tests", "{A4371397-42D4-4770-955D-A145C3A2401B}"
EndProject
Project("{9A19103F-16F7-4668-BE54-9A1E7A4F7556}") = "ArchiMetrics.Analysis.Tests", "tests\ArchiMetrics.Analysis.Tests\ArchiMetrics.Analysis.Tests.csproj", "{36BA2848-F241-4CAA-B037-451251A75951}"
EndProject
Project("{9A19103F-16F7-4668-BE54-9A1E7A4F7556}") = "ArchiMetrics.CodeReview.Rules.Tests", "tests\ArchiMetrics.CodeReview.Rules.Tests\ArchiMetrics.CodeReview.Rules.Tests.csproj", "{E1C949E2-B71A-4574-8D9F-0678805301E7}"
EndProject
Project("{9A19103F-16F7-4668-BE54-9A1E7A4F7556}") = "ArchiMetrics.Analysis", "src\ArchiMetrics.Analysis\ArchiMetrics.Analysis.csproj", "{46B39702-5C2C-4ED1-9CA5-F01DD3C981D4}"
EndProject
Project("{9A19103F-16F7-4668-BE54-9A1E7A4F7556}") = "ArchiMetrics.CodeReview.Rules", "src\ArchiMetrics.CodeReview.Rules\ArchiMetrics.CodeReview.Rules.csproj", "{9604C65C-D889-474F-BEFE-7ADDE2382340}"
EndProject
Global
	GlobalSection(SolutionConfigurationPlatforms) = preSolution
		Debug|Any CPU = Debug|Any CPU
		Release|Any CPU = Release|Any CPU
	EndGlobalSection
	GlobalSection(ProjectConfigurationPlatforms) = postSolution
		{36BA2848-F241-4CAA-B037-451251A75951}.Debug|Any CPU.ActiveCfg = Debug|Any CPU
		{36BA2848-F241-4CAA-B037-451251A75951}.Debug|Any CPU.Build.0 = Debug|Any CPU
		{36BA2848-F241-4CAA-B037-451251A75951}.Release|Any CPU.ActiveCfg = Release|Any CPU
		{36BA2848-F241-4CAA-B037-451251A75951}.Release|Any CPU.Build.0 = Release|Any CPU
		{E1C949E2-B71A-4574-8D9F-0678805301E7}.Debug|Any CPU.ActiveCfg = Debug|Any CPU
		{E1C949E2-B71A-4574-8D9F-0678805301E7}.Debug|Any CPU.Build.0 = Debug|Any CPU
		{E1C949E2-B71A-4574-8D9F-0678805301E7}.Release|Any CPU.ActiveCfg = Release|Any CPU
		{E1C949E2-B71A-4574-8D9F-0678805301E7}.Release|Any CPU.Build.0 = Release|Any CPU
		{46B39702-5C2C-4ED1-9CA5-F01DD3C981D4}.Debug|Any CPU.ActiveCfg = Debug|Any CPU
		{46B39702-5C2C-4ED1-9CA5-F01DD3C981D4}.Debug|Any CPU.Build.0 = Debug|Any CPU
		{46B39702-5C2C-4ED1-9CA5-F01DD3C981D4}.Release|Any CPU.ActiveCfg = Release|Any CPU
		{46B39702-5C2C-4ED1-9CA5-F01DD3C981D4}.Release|Any CPU.Build.0 = Release|Any CPU
		{9604C65C-D889-474F-BEFE-7ADDE2382340}.Debug|Any CPU.ActiveCfg = Debug|Any CPU
		{9604C65C-D889-474F-BEFE-7ADDE2382340}.Debug|Any CPU.Build.0 = Debug|Any CPU
		{9604C65C-D889-474F-BEFE-7ADDE2382340}.Release|Any CPU.ActiveCfg = Release|Any CPU
		{9604C65C-D889-474F-BEFE-7ADDE2382340}.Release|Any CPU.Build.0 = Release|Any CPU
	EndGlobalSection
	GlobalSection(SolutionProperties) = preSolution
		HideSolutionNode = FALSE
	EndGlobalSection
	GlobalSection(NestedProjects) = preSolution
		{36BA2848-F241-4CAA-B037-451251A75951} = {A4371397-42D4-4770-955D-A145C3A2401B}
		{E1C949E2-B71A-4574-8D9F-0678805301E7} = {A4371397-42D4-4770-955D-A145C3A2401B}
	EndGlobalSection
EndGlobal
