Microsoft Visual Studio Solution File, Format Version 12.00
# Visual Studio 14
VisualStudioVersion = 14.0.25123.0
MinimumVisualStudioVersion = 10.0.40219.1
Project("{2150E333-8FDC-42A3-9474-1A3956D46DE8}") = ".nuget", ".nuget", "{F11E08F5-C15B-4223-840B-86997220FB8E}"
	ProjectSection(SolutionItems) = preProject
		.nuget\NuGet.Config = .nuget\NuGet.Config
		.nuget\NuGet.exe = .nuget\NuGet.exe
		.nuget\NuGet.targets = .nuget\NuGet.targets
	EndProjectSection
EndProject
Project("{2150E333-8FDC-42A3-9474-1A3956D46DE8}") = "Solution Items", "Solution Items", "{98C5B882-0BA9-4BFD-8AC3-07C0C56E1F90}"
	ProjectSection(SolutionItems) = preProject
		ArchiMetrics.Analysis.nuspec = ArchiMetrics.Analysis.nuspec
		ArchiMetrics.Analysis.symbols.nuspec = ArchiMetrics.Analysis.symbols.nuspec
		build.ps1 = build.ps1
		ArchiMetrics.Analysis\global.json = ArchiMetrics.Analysis\global.json
		packages.config = packages.config
		psake.psm1 = psake.psm1
		README.md = README.md
		SolutionSettings.StyleCop = SolutionSettings.StyleCop
		tasks.ps1 = tasks.ps1
	EndProjectSection
EndProject
Project("{8BB2217D-0F2D-49D1-97BC-3654ED321F3B}") = "ArchiMetrics.Analysis", "src\ArchiMetrics.Analysis\ArchiMetrics.Analysis.xproj", "{C7434710-2564-4BE5-97BD-A7BFD0083B3C}"
EndProject
Project("{8BB2217D-0F2D-49D1-97BC-3654ED321F3B}") = "ArchiMetrics.CodeReview.Rules", "src\ArchiMetrics.CodeReview.Rules\ArchiMetrics.CodeReview.Rules.xproj", "{3C3C1CB5-7BF8-4C49-8150-9148526D1C89}"
EndProject
Project("{2150E333-8FDC-42A3-9474-1A3956D46DE8}") = "Tests", "Tests", "{2E807DA2-2782-4F86-A6BA-002231DEE3B7}"
EndProject
Project("{8BB2217D-0F2D-49D1-97BC-3654ED321F3B}") = "ArchiMetrics.Analysis.Tests", "tests\ArchiMetrics.Analysis.Tests\ArchiMetrics.Analysis.Tests.xproj", "{3A1D8751-BB53-4639-8175-0A5E368CDD22}"
EndProject
Global
	GlobalSection(SolutionConfigurationPlatforms) = preSolution
		Debug|Any CPU = Debug|Any CPU
		Release|Any CPU = Release|Any CPU
	EndGlobalSection
	GlobalSection(ProjectConfigurationPlatforms) = postSolution
		{C7434710-2564-4BE5-97BD-A7BFD0083B3C}.Debug|Any CPU.ActiveCfg = Debug|Any CPU
		{C7434710-2564-4BE5-97BD-A7BFD0083B3C}.Debug|Any CPU.Build.0 = Debug|Any CPU
		{C7434710-2564-4BE5-97BD-A7BFD0083B3C}.Release|Any CPU.ActiveCfg = Release|Any CPU
		{C7434710-2564-4BE5-97BD-A7BFD0083B3C}.Release|Any CPU.Build.0 = Release|Any CPU
		{3C3C1CB5-7BF8-4C49-8150-9148526D1C89}.Debug|Any CPU.ActiveCfg = Debug|Any CPU
		{3C3C1CB5-7BF8-4C49-8150-9148526D1C89}.Debug|Any CPU.Build.0 = Debug|Any CPU
		{3C3C1CB5-7BF8-4C49-8150-9148526D1C89}.Release|Any CPU.ActiveCfg = Release|Any CPU
		{3C3C1CB5-7BF8-4C49-8150-9148526D1C89}.Release|Any CPU.Build.0 = Release|Any CPU
		{3A1D8751-BB53-4639-8175-0A5E368CDD22}.Debug|Any CPU.ActiveCfg = Debug|Any CPU
		{3A1D8751-BB53-4639-8175-0A5E368CDD22}.Debug|Any CPU.Build.0 = Debug|Any CPU
		{3A1D8751-BB53-4639-8175-0A5E368CDD22}.Release|Any CPU.ActiveCfg = Release|Any CPU
		{3A1D8751-BB53-4639-8175-0A5E368CDD22}.Release|Any CPU.Build.0 = Release|Any CPU
	EndGlobalSection
	GlobalSection(SolutionProperties) = preSolution
		HideSolutionNode = FALSE
	EndGlobalSection
	GlobalSection(NestedProjects) = preSolution
		{3A1D8751-BB53-4639-8175-0A5E368CDD22} = {2E807DA2-2782-4F86-A6BA-002231DEE3B7}
	EndGlobalSection
EndGlobal
