Microsoft Visual Studio Solution File, Format Version 12.00
# Visual Studio 2013
VisualStudioVersion = 12.0.31101.0
MinimumVisualStudioVersion = 10.0.40219.1
Project("{2150E333-8FDC-42A3-9474-1A3956D46DE8}") = ".nuget", ".nuget", "{F11E08F5-C15B-4223-840B-86997220FB8E}"
	ProjectSection(SolutionItems) = preProject
		.nuget\NuGet.Config = .nuget\NuGet.Config
		.nuget\NuGet.exe = .nuget\NuGet.exe
		.nuget\NuGet.targets = .nuget\NuGet.targets
	EndProjectSection
EndProject
Project("{FAE04EC0-301F-11D3-BF4B-00C04F79EFBC}") = "ArchiMetrics.UI", "ArchiMetrics.UI\ArchiMetrics.UI.csproj", "{26CFD5D4-94BD-40F3-BABA-E5FC7B6DB623}"
EndProject
Project("{FAE04EC0-301F-11D3-BF4B-00C04F79EFBC}") = "ArchiMetrics.Analysis.Tests", "ArchiMetrics.Analysis.Tests\ArchiMetrics.Analysis.Tests.csproj", "{36BA2848-F241-4CAA-B037-451251A75951}"
EndProject
Project("{FAE04EC0-301F-11D3-BF4B-00C04F79EFBC}") = "ArchiMetrics.CodeReview.Rules", "ArchiMetrics.CodeReview.Rules\ArchiMetrics.CodeReview.Rules.csproj", "{5C12DFB6-05DC-4941-B69F-B99903E89B1D}"
EndProject
Project("{FAE04EC0-301F-11D3-BF4B-00C04F79EFBC}") = "ArchiMetrics.CodeReview.Rules.Tests", "ArchiMetrics.CodeReview.Rules.Tests\ArchiMetrics.CodeReview.Rules.Tests.csproj", "{E1C949E2-B71A-4574-8D9F-0678805301E7}"
EndProject
Project("{FAE04EC0-301F-11D3-BF4B-00C04F79EFBC}") = "ArchiMetrics.Common", "ArchiMetrics.Common\ArchiMetrics.Common.csproj", "{D8BE9D36-EC03-4EEE-91DA-F9D8C9FD11D2}"
EndProject
Project("{FAE04EC0-301F-11D3-BF4B-00C04F79EFBC}") = "ArchiMetrics.Common.Tests", "ArchiMetrics.Common.Tests\ArchiMetrics.Common.Tests.csproj", "{7ECF133B-9576-4385-81DA-20C5732A29B3}"
EndProject
Project("{FAE04EC0-301F-11D3-BF4B-00C04F79EFBC}") = "ArchiMetrics.Analysis", "ArchiMetrics.Analysis\ArchiMetrics.Analysis.csproj", "{67478EFB-3E11-4459-B1CE-47FE37F1F968}"
EndProject
Project("{2150E333-8FDC-42A3-9474-1A3956D46DE8}") = "SolutionItems", "SolutionItems", "{98C5B882-0BA9-4BFD-8AC3-07C0C56E1F90}"
	ProjectSection(SolutionItems) = preProject
		ArchiMetrics.Analysis.nuspec = ArchiMetrics.Analysis.nuspec
		ArchiMetrics.Analysis.symbols.nuspec = ArchiMetrics.Analysis.symbols.nuspec
		build.ps1 = build.ps1
		psake.psm1 = psake.psm1
		SolutionSettings.StyleCop = SolutionSettings.StyleCop
		tasks.ps1 = tasks.ps1
	EndProjectSection
EndProject
Global
	GlobalSection(SolutionConfigurationPlatforms) = preSolution
		Debug|Any CPU = Debug|Any CPU
		Release|Any CPU = Release|Any CPU
	EndGlobalSection
	GlobalSection(ProjectConfigurationPlatforms) = postSolution
		{26CFD5D4-94BD-40F3-BABA-E5FC7B6DB623}.Debug|Any CPU.ActiveCfg = Debug|Any CPU
		{26CFD5D4-94BD-40F3-BABA-E5FC7B6DB623}.Debug|Any CPU.Build.0 = Debug|Any CPU
		{26CFD5D4-94BD-40F3-BABA-E5FC7B6DB623}.Release|Any CPU.ActiveCfg = Release|Any CPU
		{26CFD5D4-94BD-40F3-BABA-E5FC7B6DB623}.Release|Any CPU.Build.0 = Release|Any CPU
		{36BA2848-F241-4CAA-B037-451251A75951}.Debug|Any CPU.ActiveCfg = Debug|Any CPU
		{36BA2848-F241-4CAA-B037-451251A75951}.Debug|Any CPU.Build.0 = Debug|Any CPU
		{36BA2848-F241-4CAA-B037-451251A75951}.Release|Any CPU.ActiveCfg = Release|Any CPU
		{36BA2848-F241-4CAA-B037-451251A75951}.Release|Any CPU.Build.0 = Release|Any CPU
		{5C12DFB6-05DC-4941-B69F-B99903E89B1D}.Debug|Any CPU.ActiveCfg = Debug|Any CPU
		{5C12DFB6-05DC-4941-B69F-B99903E89B1D}.Debug|Any CPU.Build.0 = Debug|Any CPU
		{5C12DFB6-05DC-4941-B69F-B99903E89B1D}.Release|Any CPU.ActiveCfg = Release|Any CPU
		{5C12DFB6-05DC-4941-B69F-B99903E89B1D}.Release|Any CPU.Build.0 = Release|Any CPU
		{E1C949E2-B71A-4574-8D9F-0678805301E7}.Debug|Any CPU.ActiveCfg = Debug|Any CPU
		{E1C949E2-B71A-4574-8D9F-0678805301E7}.Debug|Any CPU.Build.0 = Debug|Any CPU
		{E1C949E2-B71A-4574-8D9F-0678805301E7}.Release|Any CPU.ActiveCfg = Release|Any CPU
		{E1C949E2-B71A-4574-8D9F-0678805301E7}.Release|Any CPU.Build.0 = Release|Any CPU
		{D8BE9D36-EC03-4EEE-91DA-F9D8C9FD11D2}.Debug|Any CPU.ActiveCfg = Debug|Any CPU
		{D8BE9D36-EC03-4EEE-91DA-F9D8C9FD11D2}.Debug|Any CPU.Build.0 = Debug|Any CPU
		{D8BE9D36-EC03-4EEE-91DA-F9D8C9FD11D2}.Release|Any CPU.ActiveCfg = Release|Any CPU
		{D8BE9D36-EC03-4EEE-91DA-F9D8C9FD11D2}.Release|Any CPU.Build.0 = Release|Any CPU
		{7ECF133B-9576-4385-81DA-20C5732A29B3}.Debug|Any CPU.ActiveCfg = Debug|Any CPU
		{7ECF133B-9576-4385-81DA-20C5732A29B3}.Debug|Any CPU.Build.0 = Debug|Any CPU
		{7ECF133B-9576-4385-81DA-20C5732A29B3}.Release|Any CPU.ActiveCfg = Release|Any CPU
		{7ECF133B-9576-4385-81DA-20C5732A29B3}.Release|Any CPU.Build.0 = Release|Any CPU
		{67478EFB-3E11-4459-B1CE-47FE37F1F968}.Debug|Any CPU.ActiveCfg = Debug|Any CPU
		{67478EFB-3E11-4459-B1CE-47FE37F1F968}.Debug|Any CPU.Build.0 = Debug|Any CPU
		{67478EFB-3E11-4459-B1CE-47FE37F1F968}.Release|Any CPU.ActiveCfg = Release|Any CPU
		{67478EFB-3E11-4459-B1CE-47FE37F1F968}.Release|Any CPU.Build.0 = Release|Any CPU
	EndGlobalSection
	GlobalSection(SolutionProperties) = preSolution
		HideSolutionNode = FALSE
	EndGlobalSection
EndGlobal
