
Microsoft Visual Studio Solution File, Format Version 12.00
# Visual Studio 2012
Project("{F2A71F9B-5D33-465A-A702-920D77279786}") = "ArchiMeter.Analysis", "ArchiMeter.Analysis\ArchiMeter.Analysis.fsproj", "{BFFC8775-D122-4B9B-A1AF-82E8AE35EEC5}"
EndProject
Project("{FAE04EC0-301F-11D3-BF4B-00C04F79EFBC}") = "ArchiMeter.Common", "ArchiMeter.Common\ArchiMeter.Common.csproj", "{D8BE9D36-EC03-4EEE-91DA-F9D8C9FD11D2}"
EndProject
Global
	GlobalSection(TeamFoundationVersionControl) = preSolution
		SccNumberOfProjects = 3
		SccEnterpriseProvider = {4CA58AB2-18FA-4F8D-95D4-32DDF27D184C}
		SccTeamFoundationServer = https://tfs.codeplex.com/tfs/tfs06
		SccLocalPath0 = .
		SccProjectUniqueName1 = ArchiMeter.Analysis\\ArchiMeter.Analysis.fsproj
		SccProjectName1 = ArchiMeter.Analysis
		SccLocalPath1 = ArchiMeter.Analysis
		SccProjectUniqueName2 = ArchiMeter.Common\\ArchiMeter.Common.csproj
		SccProjectName2 = ArchiMeter.Common
		SccLocalPath2 = ArchiMeter.Common
	EndGlobalSection
	GlobalSection(TestCaseManagementSettings) = postSolution
		CategoryFile = MvvmDemoApp.vsmdi
	EndGlobalSection
	GlobalSection(SolutionConfigurationPlatforms) = preSolution
		Debug|Any CPU = Debug|Any CPU
		Release|Any CPU = Release|Any CPU
	EndGlobalSection
	GlobalSection(ProjectConfigurationPlatforms) = postSolution
		{BFFC8775-D122-4B9B-A1AF-82E8AE35EEC5}.Debug|Any CPU.ActiveCfg = Debug|Any CPU
		{BFFC8775-D122-4B9B-A1AF-82E8AE35EEC5}.Debug|Any CPU.Build.0 = Debug|Any CPU
		{BFFC8775-D122-4B9B-A1AF-82E8AE35EEC5}.Release|Any CPU.ActiveCfg = Release|Any CPU
		{BFFC8775-D122-4B9B-A1AF-82E8AE35EEC5}.Release|Any CPU.Build.0 = Release|Any CPU
		{D8BE9D36-EC03-4EEE-91DA-F9D8C9FD11D2}.Debug|Any CPU.ActiveCfg = Debug|Any CPU
		{D8BE9D36-EC03-4EEE-91DA-F9D8C9FD11D2}.Debug|Any CPU.Build.0 = Debug|Any CPU
		{D8BE9D36-EC03-4EEE-91DA-F9D8C9FD11D2}.Release|Any CPU.ActiveCfg = Release|Any CPU
		{D8BE9D36-EC03-4EEE-91DA-F9D8C9FD11D2}.Release|Any CPU.Build.0 = Release|Any CPU
	EndGlobalSection
	GlobalSection(SolutionProperties) = preSolution
		HideSolutionNode = FALSE
	EndGlobalSection
	GlobalSection(ExtensibilityGlobals) = postSolution
		VisualSVNWorkingCopyRoot = .
		EnterpriseLibraryConfigurationToolBinariesPath = packages\Unity.2.1.505.2\lib\NET35
	EndGlobalSection
EndGlobal
