
Microsoft Visual Studio Solution File, Format Version 12.00
# Visual Studio 2012
Project("{FAE04EC0-301F-11D3-BF4B-00C04F79EFBC}") = "ArchiMeter.UI", "ArchiMeter.UI\ArchiMeter.UI.csproj", "{26CFD5D4-94BD-40F3-BABA-E5FC7B6DB623}"
EndProject
Project("{2150E333-8FDC-42A3-9474-1A3956D46DE8}") = ".nuget", ".nuget", "{F11E08F5-C15B-4223-840B-86997220FB8E}"
	ProjectSection(SolutionItems) = preProject
		.nuget\NuGet.Config = .nuget\NuGet.Config
		.nuget\NuGet.exe = .nuget\NuGet.exe
		.nuget\NuGet.targets = .nuget\NuGet.targets
	EndProjectSection
EndProject
Project("{FAE04EC0-301F-11D3-BF4B-00C04F79EFBC}") = "ArchiMeter.Analysis.Tests", "ArchiMeter.Analysis.Tests\ArchiMeter.Analysis.Tests.csproj", "{36BA2848-F241-4CAA-B037-451251A75951}"
EndProject
Project("{FAE04EC0-301F-11D3-BF4B-00C04F79EFBC}") = "ArchiMeter.CodeReview", "ArchiMeter.CodeReview\ArchiMeter.CodeReview.csproj", "{5C12DFB6-05DC-4941-B69F-B99903E89B1D}"
EndProject
Project("{FAE04EC0-301F-11D3-BF4B-00C04F79EFBC}") = "ArchiMeter.CodeReview.Tests", "ArchiMeter.CodeReview.Tests\ArchiMeter.CodeReview.Tests.csproj", "{E1C949E2-B71A-4574-8D9F-0678805301E7}"
EndProject
Project("{FAE04EC0-301F-11D3-BF4B-00C04F79EFBC}") = "ArchiMeter.Data", "ArchiMeter.Data\ArchiMeter.Data.csproj", "{F36FE0AD-A4F2-46FE-88F6-DD34D71F92C2}"
EndProject
Project("{FAE04EC0-301F-11D3-BF4B-00C04F79EFBC}") = "ArchiMeter.ExcelWriter", "ArchiMeter.ExcelWriter\ArchiMeter.ExcelWriter.csproj", "{67A86417-F4C5-42C3-898A-79CEC9BD2253}"
EndProject
Project("{FAE04EC0-301F-11D3-BF4B-00C04F79EFBC}") = "ArchiMeter.Reports.Tests", "ArchiMeter.Reports.Tests\ArchiMeter.Reports.Tests.csproj", "{5BBE7D49-CA3B-435B-A2AF-73725AE0226E}"
EndProject
Project("{FAE04EC0-301F-11D3-BF4B-00C04F79EFBC}") = "SampleSL", "SampleSL\SampleSL.csproj", "{DC19D087-F074-47B1-BC83-4CA74A24278E}"
EndProject
Project("{FAE04EC0-301F-11D3-BF4B-00C04F79EFBC}") = "ArchiMeter.Raven", "ArchiMeter.Raven\ArchiMeter.Raven.csproj", "{1C022E94-4B59-4A7E-B7DE-F506489FC311}"
EndProject
Project("{FAE04EC0-301F-11D3-BF4B-00C04F79EFBC}") = "ArchiMeter.Raven.Tests", "ArchiMeter.Raven.Tests\ArchiMeter.Raven.Tests.csproj", "{3DC99AC9-0329-4AE7-AE68-D93C9771E17C}"
EndProject
Project("{FAE04EC0-301F-11D3-BF4B-00C04F79EFBC}") = "ArchiMeter.DataLoader", "ArchiMeter.DataLoader\ArchiMeter.DataLoader.csproj", "{CC48D52B-EAAD-43E1-85C1-83389FD6F18B}"
EndProject
Project("{FAE04EC0-301F-11D3-BF4B-00C04F79EFBC}") = "ArchiMeter.Common", "ArchiMeter.Common\ArchiMeter.Common.csproj", "{D8BE9D36-EC03-4EEE-91DA-F9D8C9FD11D2}"
EndProject
Project("{FAE04EC0-301F-11D3-BF4B-00C04F79EFBC}") = "ArchiMeter.Common.Tests", "ArchiMeter.Common.Tests\ArchiMeter.Common.Tests.csproj", "{7ECF133B-9576-4385-81DA-20C5732A29B3}"
EndProject
Project("{FAE04EC0-301F-11D3-BF4B-00C04F79EFBC}") = "ArchiMeter.Tfs", "ArchiMeter.Tfs\ArchiMeter.Tfs.csproj", "{088A8DD7-481C-4813-8D9B-A081D081C876}"
EndProject
Project("{2150E333-8FDC-42A3-9474-1A3956D46DE8}") = "Scripts", "Scripts", "{98C5B882-0BA9-4BFD-8AC3-07C0C56E1F90}"
	ProjectSection(SolutionItems) = preProject
		build.ps1 = build.ps1
		ArchiMeter.DataLoader\GetMetrics.ps1 = ArchiMeter.DataLoader\GetMetrics.ps1
		psake.psm1 = psake.psm1
		tasks.ps1 = tasks.ps1
	EndProjectSection
EndProject
Project("{FAE04EC0-301F-11D3-BF4B-00C04F79EFBC}") = "ArchiMeter.ScriptPack", "ArchiMeter.ScriptPack\ArchiMeter.ScriptPack.csproj", "{E9645569-A525-4C01-BCAB-912BA4BE8901}"
EndProject
Project("{FAE04EC0-301F-11D3-BF4B-00C04F79EFBC}") = "ArchiMeter.ScriptPack.Tests", "ArchiMeter.ScriptPack.Tests\ArchiMeter.ScriptPack.Tests.csproj", "{73C5F214-5F2D-471C-BFA5-9FAED2C736B6}"
EndProject
Project("{FAE04EC0-301F-11D3-BF4B-00C04F79EFBC}") = "ArchiMeter.Analysis", "ArchiMeter.Analysis\ArchiMeter.Analysis.csproj", "{67478EFB-3E11-4459-B1CE-47FE37F1F968}"
EndProject
Global
	GlobalSection(TestCaseManagementSettings) = postSolution
		CategoryFile = MvvmDemoApp.vsmdi
	EndGlobalSection
	GlobalSection(SolutionConfigurationPlatforms) = preSolution
		Debug|Any CPU = Debug|Any CPU
		Release|Any CPU = Release|Any CPU
	EndGlobalSection
	GlobalSection(ProjectConfigurationPlatforms) = postSolution
		{26CFD5D4-94BD-40F3-BABA-E5FC7B6DB623}.Debug|Any CPU.ActiveCfg = Debug|Any CPU
		{26CFD5D4-94BD-40F3-BABA-E5FC7B6DB623}.Debug|Any CPU.Build.0 = Debug|Any CPU
		{26CFD5D4-94BD-40F3-BABA-E5FC7B6DB623}.Release|Any CPU.ActiveCfg = Release|Any CPU
		{26CFD5D4-94BD-40F3-BABA-E5FC7B6DB623}.Release|Any CPU.Build.0 = Release|Any CPU
		{36BA2848-F241-4CAA-B037-451251A75951}.Debug|Any CPU.ActiveCfg = Debug|Any CPU
		{36BA2848-F241-4CAA-B037-451251A75951}.Debug|Any CPU.Build.0 = Debug|Any CPU
		{36BA2848-F241-4CAA-B037-451251A75951}.Release|Any CPU.ActiveCfg = Release|Any CPU
		{36BA2848-F241-4CAA-B037-451251A75951}.Release|Any CPU.Build.0 = Release|Any CPU
		{5C12DFB6-05DC-4941-B69F-B99903E89B1D}.Debug|Any CPU.ActiveCfg = Debug|Any CPU
		{5C12DFB6-05DC-4941-B69F-B99903E89B1D}.Debug|Any CPU.Build.0 = Debug|Any CPU
		{5C12DFB6-05DC-4941-B69F-B99903E89B1D}.Release|Any CPU.ActiveCfg = Release|Any CPU
		{5C12DFB6-05DC-4941-B69F-B99903E89B1D}.Release|Any CPU.Build.0 = Release|Any CPU
		{E1C949E2-B71A-4574-8D9F-0678805301E7}.Debug|Any CPU.ActiveCfg = Debug|Any CPU
		{E1C949E2-B71A-4574-8D9F-0678805301E7}.Debug|Any CPU.Build.0 = Debug|Any CPU
		{E1C949E2-B71A-4574-8D9F-0678805301E7}.Release|Any CPU.ActiveCfg = Release|Any CPU
		{E1C949E2-B71A-4574-8D9F-0678805301E7}.Release|Any CPU.Build.0 = Release|Any CPU
		{F36FE0AD-A4F2-46FE-88F6-DD34D71F92C2}.Debug|Any CPU.ActiveCfg = Debug|Any CPU
		{F36FE0AD-A4F2-46FE-88F6-DD34D71F92C2}.Debug|Any CPU.Build.0 = Debug|Any CPU
		{F36FE0AD-A4F2-46FE-88F6-DD34D71F92C2}.Release|Any CPU.ActiveCfg = Release|Any CPU
		{F36FE0AD-A4F2-46FE-88F6-DD34D71F92C2}.Release|Any CPU.Build.0 = Release|Any CPU
		{67A86417-F4C5-42C3-898A-79CEC9BD2253}.Debug|Any CPU.ActiveCfg = Debug|Any CPU
		{67A86417-F4C5-42C3-898A-79CEC9BD2253}.Debug|Any CPU.Build.0 = Debug|Any CPU
		{67A86417-F4C5-42C3-898A-79CEC9BD2253}.Release|Any CPU.ActiveCfg = Release|Any CPU
		{67A86417-F4C5-42C3-898A-79CEC9BD2253}.Release|Any CPU.Build.0 = Release|Any CPU
		{5BBE7D49-CA3B-435B-A2AF-73725AE0226E}.Debug|Any CPU.ActiveCfg = Debug|Any CPU
		{5BBE7D49-CA3B-435B-A2AF-73725AE0226E}.Debug|Any CPU.Build.0 = Debug|Any CPU
		{5BBE7D49-CA3B-435B-A2AF-73725AE0226E}.Release|Any CPU.ActiveCfg = Release|Any CPU
		{5BBE7D49-CA3B-435B-A2AF-73725AE0226E}.Release|Any CPU.Build.0 = Release|Any CPU
		{DC19D087-F074-47B1-BC83-4CA74A24278E}.Debug|Any CPU.ActiveCfg = Debug|Any CPU
		{DC19D087-F074-47B1-BC83-4CA74A24278E}.Debug|Any CPU.Build.0 = Debug|Any CPU
		{DC19D087-F074-47B1-BC83-4CA74A24278E}.Release|Any CPU.ActiveCfg = Release|Any CPU
		{DC19D087-F074-47B1-BC83-4CA74A24278E}.Release|Any CPU.Build.0 = Release|Any CPU
		{1C022E94-4B59-4A7E-B7DE-F506489FC311}.Debug|Any CPU.ActiveCfg = Debug|Any CPU
		{1C022E94-4B59-4A7E-B7DE-F506489FC311}.Debug|Any CPU.Build.0 = Debug|Any CPU
		{1C022E94-4B59-4A7E-B7DE-F506489FC311}.Release|Any CPU.ActiveCfg = Release|Any CPU
		{1C022E94-4B59-4A7E-B7DE-F506489FC311}.Release|Any CPU.Build.0 = Release|Any CPU
		{3DC99AC9-0329-4AE7-AE68-D93C9771E17C}.Debug|Any CPU.ActiveCfg = Debug|Any CPU
		{3DC99AC9-0329-4AE7-AE68-D93C9771E17C}.Debug|Any CPU.Build.0 = Debug|Any CPU
		{3DC99AC9-0329-4AE7-AE68-D93C9771E17C}.Release|Any CPU.ActiveCfg = Release|Any CPU
		{3DC99AC9-0329-4AE7-AE68-D93C9771E17C}.Release|Any CPU.Build.0 = Release|Any CPU
		{CC48D52B-EAAD-43E1-85C1-83389FD6F18B}.Debug|Any CPU.ActiveCfg = Debug|Any CPU
		{CC48D52B-EAAD-43E1-85C1-83389FD6F18B}.Debug|Any CPU.Build.0 = Debug|Any CPU
		{CC48D52B-EAAD-43E1-85C1-83389FD6F18B}.Release|Any CPU.ActiveCfg = Release|Any CPU
		{CC48D52B-EAAD-43E1-85C1-83389FD6F18B}.Release|Any CPU.Build.0 = Release|Any CPU
		{D8BE9D36-EC03-4EEE-91DA-F9D8C9FD11D2}.Debug|Any CPU.ActiveCfg = Debug|Any CPU
		{D8BE9D36-EC03-4EEE-91DA-F9D8C9FD11D2}.Debug|Any CPU.Build.0 = Debug|Any CPU
		{D8BE9D36-EC03-4EEE-91DA-F9D8C9FD11D2}.Release|Any CPU.ActiveCfg = Release|Any CPU
		{D8BE9D36-EC03-4EEE-91DA-F9D8C9FD11D2}.Release|Any CPU.Build.0 = Release|Any CPU
		{7ECF133B-9576-4385-81DA-20C5732A29B3}.Debug|Any CPU.ActiveCfg = Debug|Any CPU
		{7ECF133B-9576-4385-81DA-20C5732A29B3}.Debug|Any CPU.Build.0 = Debug|Any CPU
		{7ECF133B-9576-4385-81DA-20C5732A29B3}.Release|Any CPU.ActiveCfg = Release|Any CPU
		{7ECF133B-9576-4385-81DA-20C5732A29B3}.Release|Any CPU.Build.0 = Release|Any CPU
		{088A8DD7-481C-4813-8D9B-A081D081C876}.Debug|Any CPU.ActiveCfg = Debug|Any CPU
		{088A8DD7-481C-4813-8D9B-A081D081C876}.Debug|Any CPU.Build.0 = Debug|Any CPU
		{088A8DD7-481C-4813-8D9B-A081D081C876}.Release|Any CPU.ActiveCfg = Release|Any CPU
		{088A8DD7-481C-4813-8D9B-A081D081C876}.Release|Any CPU.Build.0 = Release|Any CPU
		{E9645569-A525-4C01-BCAB-912BA4BE8901}.Debug|Any CPU.ActiveCfg = Debug|Any CPU
		{E9645569-A525-4C01-BCAB-912BA4BE8901}.Debug|Any CPU.Build.0 = Debug|Any CPU
		{E9645569-A525-4C01-BCAB-912BA4BE8901}.Release|Any CPU.ActiveCfg = Release|Any CPU
		{E9645569-A525-4C01-BCAB-912BA4BE8901}.Release|Any CPU.Build.0 = Release|Any CPU
		{73C5F214-5F2D-471C-BFA5-9FAED2C736B6}.Debug|Any CPU.ActiveCfg = Debug|Any CPU
		{73C5F214-5F2D-471C-BFA5-9FAED2C736B6}.Debug|Any CPU.Build.0 = Debug|Any CPU
		{73C5F214-5F2D-471C-BFA5-9FAED2C736B6}.Release|Any CPU.ActiveCfg = Release|Any CPU
		{73C5F214-5F2D-471C-BFA5-9FAED2C736B6}.Release|Any CPU.Build.0 = Release|Any CPU
		{67478EFB-3E11-4459-B1CE-47FE37F1F968}.Debug|Any CPU.ActiveCfg = Debug|Any CPU
		{67478EFB-3E11-4459-B1CE-47FE37F1F968}.Debug|Any CPU.Build.0 = Debug|Any CPU
		{67478EFB-3E11-4459-B1CE-47FE37F1F968}.Release|Any CPU.ActiveCfg = Release|Any CPU
		{67478EFB-3E11-4459-B1CE-47FE37F1F968}.Release|Any CPU.Build.0 = Release|Any CPU
	EndGlobalSection
	GlobalSection(SolutionProperties) = preSolution
		HideSolutionNode = FALSE
	EndGlobalSection
	GlobalSection(ExtensibilityGlobals) = postSolution
		EnterpriseLibraryConfigurationToolBinariesPath = packages\Unity.2.1.505.2\lib\NET35
		VisualSVNWorkingCopyRoot = .
	EndGlobalSection
EndGlobal
